
Microsoft Visual Studio Solution File, Format Version 12.00
# Visual Studio Version 17
VisualStudioVersion = 17.5.33502.453
MinimumVisualStudioVersion = 10.0.40219.1
Project("{FAE04EC0-301F-11D3-BF4B-00C04F79EFBC}") = "Exercism", "Exercism.csproj", "{C0575993-54D0-4620-AC70-87AA74C84DD8}"
EndProject
Global
	GlobalSection(SolutionConfigurationPlatforms) = preSolution
		Debug|Any CPU = Debug|Any CPU
		Release|Any CPU = Release|Any CPU
	EndGlobalSection
	GlobalSection(ProjectConfigurationPlatforms) = postSolution
		{C0575993-54D0-4620-AC70-87AA74C84DD8}.Debug|Any CPU.ActiveCfg = Debug|Any CPU
		{C0575993-54D0-4620-AC70-87AA74C84DD8}.Debug|Any CPU.Build.0 = Debug|Any CPU
		{C0575993-54D0-4620-AC70-87AA74C84DD8}.Release|Any CPU.ActiveCfg = Release|Any CPU
		{C0575993-54D0-4620-AC70-87AA74C84DD8}.Release|Any CPU.Build.0 = Release|Any CPU
	EndGlobalSection
	GlobalSection(SolutionProperties) = preSolution
		HideSolutionNode = FALSE
	EndGlobalSection
	GlobalSection(ExtensibilityGlobals) = postSolution
		SolutionGuid = {39DCB441-DA43-408C-B5F8-7FC66CD20A38}
	EndGlobalSection
EndGlobal
